// !$*UTF8*$!
{
	archiveVersion = 1;
	classes = {
	};
	objectVersion = 48;
	objects = {

/* Begin PBXBuildFile section */
		C0C1FC961F81D05D0094B5E6 /* AppDelegate.swift in Sources */ = {isa = PBXBuildFile; fileRef = C0C1FC951F81D05D0094B5E6 /* AppDelegate.swift */; };
		C0C1FC981F81D05D0094B5E6 /* ViewController.swift in Sources */ = {isa = PBXBuildFile; fileRef = C0C1FC971F81D05D0094B5E6 /* ViewController.swift */; };
		C0C1FC9B1F81D05D0094B5E6 /* Main.storyboard in Resources */ = {isa = PBXBuildFile; fileRef = C0C1FC991F81D05D0094B5E6 /* Main.storyboard */; };
		C0C1FC9D1F81D05D0094B5E6 /* Assets.xcassets in Resources */ = {isa = PBXBuildFile; fileRef = C0C1FC9C1F81D05D0094B5E6 /* Assets.xcassets */; };
		C0C1FCA01F81D05D0094B5E6 /* LaunchScreen.storyboard in Resources */ = {isa = PBXBuildFile; fileRef = C0C1FC9E1F81D05D0094B5E6 /* LaunchScreen.storyboard */; };
		C0C1FCAB1F81D05D0094B5E6 /* NextAcademy___iOS_Assessment_Test_Tan_Wei_Liang_Tests.swift in Sources */ = {isa = PBXBuildFile; fileRef = C0C1FCAA1F81D05D0094B5E6 /* NextAcademy___iOS_Assessment_Test_Tan_Wei_Liang_Tests.swift */; };
		C0C1FCB61F81D05D0094B5E6 /* NextAcademy___iOS_Assessment_Test_Tan_Wei_Liang_UITests.swift in Sources */ = {isa = PBXBuildFile; fileRef = C0C1FCB51F81D05D0094B5E6 /* NextAcademy___iOS_Assessment_Test_Tan_Wei_Liang_UITests.swift */; };
/* End PBXBuildFile section */

/* Begin PBXContainerItemProxy section */
		C0C1FCA71F81D05D0094B5E6 /* PBXContainerItemProxy */ = {
			isa = PBXContainerItemProxy;
			containerPortal = C0C1FC8A1F81D05D0094B5E6 /* Project object */;
			proxyType = 1;
			remoteGlobalIDString = C0C1FC911F81D05D0094B5E6;
			remoteInfo = "NextAcademy - iOS Assessment Test(Tan Wei Liang)";
		};
		C0C1FCB21F81D05D0094B5E6 /* PBXContainerItemProxy */ = {
			isa = PBXContainerItemProxy;
			containerPortal = C0C1FC8A1F81D05D0094B5E6 /* Project object */;
			proxyType = 1;
			remoteGlobalIDString = C0C1FC911F81D05D0094B5E6;
			remoteInfo = "NextAcademy - iOS Assessment Test(Tan Wei Liang)";
		};
/* End PBXContainerItemProxy section */

/* Begin PBXFileReference section */
		C0C1FC921F81D05D0094B5E6 /* NextAcademy - iOS Assessment Test(Tan Wei Liang).app */ = {isa = PBXFileReference; explicitFileType = wrapper.application; includeInIndex = 0; path = "NextAcademy - iOS Assessment Test(Tan Wei Liang).app"; sourceTree = BUILT_PRODUCTS_DIR; };
		C0C1FC951F81D05D0094B5E6 /* AppDelegate.swift */ = {isa = PBXFileReference; lastKnownFileType = sourcecode.swift; path = AppDelegate.swift; sourceTree = "<group>"; };
		C0C1FC971F81D05D0094B5E6 /* ViewController.swift */ = {isa = PBXFileReference; lastKnownFileType = sourcecode.swift; path = ViewController.swift; sourceTree = "<group>"; };
		C0C1FC9A1F81D05D0094B5E6 /* Base */ = {isa = PBXFileReference; lastKnownFileType = file.storyboard; name = Base; path = Base.lproj/Main.storyboard; sourceTree = "<group>"; };
		C0C1FC9C1F81D05D0094B5E6 /* Assets.xcassets */ = {isa = PBXFileReference; lastKnownFileType = folder.assetcatalog; path = Assets.xcassets; sourceTree = "<group>"; };
		C0C1FC9F1F81D05D0094B5E6 /* Base */ = {isa = PBXFileReference; lastKnownFileType = file.storyboard; name = Base; path = Base.lproj/LaunchScreen.storyboard; sourceTree = "<group>"; };
		C0C1FCA11F81D05D0094B5E6 /* Info.plist */ = {isa = PBXFileReference; lastKnownFileType = text.plist.xml; path = Info.plist; sourceTree = "<group>"; };
		C0C1FCA61F81D05D0094B5E6 /* NextAcademy - iOS Assessment Test(Tan Wei Liang)Tests.xctest */ = {isa = PBXFileReference; explicitFileType = wrapper.cfbundle; includeInIndex = 0; path = "NextAcademy - iOS Assessment Test(Tan Wei Liang)Tests.xctest"; sourceTree = BUILT_PRODUCTS_DIR; };
		C0C1FCAA1F81D05D0094B5E6 /* NextAcademy___iOS_Assessment_Test_Tan_Wei_Liang_Tests.swift */ = {isa = PBXFileReference; lastKnownFileType = sourcecode.swift; path = "NextAcademy___iOS_Assessment_Test_Tan_Wei_Liang_Tests.swift"; sourceTree = "<group>"; };
		C0C1FCAC1F81D05D0094B5E6 /* Info.plist */ = {isa = PBXFileReference; lastKnownFileType = text.plist.xml; path = Info.plist; sourceTree = "<group>"; };
		C0C1FCB11F81D05D0094B5E6 /* NextAcademy - iOS Assessment Test(Tan Wei Liang)UITests.xctest */ = {isa = PBXFileReference; explicitFileType = wrapper.cfbundle; includeInIndex = 0; path = "NextAcademy - iOS Assessment Test(Tan Wei Liang)UITests.xctest"; sourceTree = BUILT_PRODUCTS_DIR; };
		C0C1FCB51F81D05D0094B5E6 /* NextAcademy___iOS_Assessment_Test_Tan_Wei_Liang_UITests.swift */ = {isa = PBXFileReference; lastKnownFileType = sourcecode.swift; path = "NextAcademy___iOS_Assessment_Test_Tan_Wei_Liang_UITests.swift"; sourceTree = "<group>"; };
		C0C1FCB71F81D05D0094B5E6 /* Info.plist */ = {isa = PBXFileReference; lastKnownFileType = text.plist.xml; path = Info.plist; sourceTree = "<group>"; };
/* End PBXFileReference section */

/* Begin PBXFrameworksBuildPhase section */
		C0C1FC8F1F81D05D0094B5E6 /* Frameworks */ = {
			isa = PBXFrameworksBuildPhase;
			buildActionMask = 2147483647;
			files = (
			);
			runOnlyForDeploymentPostprocessing = 0;
		};
		C0C1FCA31F81D05D0094B5E6 /* Frameworks */ = {
			isa = PBXFrameworksBuildPhase;
			buildActionMask = 2147483647;
			files = (
			);
			runOnlyForDeploymentPostprocessing = 0;
		};
		C0C1FCAE1F81D05D0094B5E6 /* Frameworks */ = {
			isa = PBXFrameworksBuildPhase;
			buildActionMask = 2147483647;
			files = (
			);
			runOnlyForDeploymentPostprocessing = 0;
		};
/* End PBXFrameworksBuildPhase section */

/* Begin PBXGroup section */
		C0C1FC891F81D05D0094B5E6 = {
			isa = PBXGroup;
			children = (
				C0C1FC941F81D05D0094B5E6 /* NextAcademy - iOS Assessment Test(Tan Wei Liang) */,
				C0C1FCA91F81D05D0094B5E6 /* NextAcademy - iOS Assessment Test(Tan Wei Liang)Tests */,
				C0C1FCB41F81D05D0094B5E6 /* NextAcademy - iOS Assessment Test(Tan Wei Liang)UITests */,
				C0C1FC931F81D05D0094B5E6 /* Products */,
			);
			sourceTree = "<group>";
		};
		C0C1FC931F81D05D0094B5E6 /* Products */ = {
			isa = PBXGroup;
			children = (
				C0C1FC921F81D05D0094B5E6 /* NextAcademy - iOS Assessment Test(Tan Wei Liang).app */,
				C0C1FCA61F81D05D0094B5E6 /* NextAcademy - iOS Assessment Test(Tan Wei Liang)Tests.xctest */,
				C0C1FCB11F81D05D0094B5E6 /* NextAcademy - iOS Assessment Test(Tan Wei Liang)UITests.xctest */,
			);
			name = Products;
			sourceTree = "<group>";
		};
		C0C1FC941F81D05D0094B5E6 /* NextAcademy - iOS Assessment Test(Tan Wei Liang) */ = {
			isa = PBXGroup;
			children = (
				C0C1FC951F81D05D0094B5E6 /* AppDelegate.swift */,
				C0C1FC971F81D05D0094B5E6 /* ViewController.swift */,
				C0C1FC991F81D05D0094B5E6 /* Main.storyboard */,
				C0C1FC9C1F81D05D0094B5E6 /* Assets.xcassets */,
				C0C1FC9E1F81D05D0094B5E6 /* LaunchScreen.storyboard */,
				C0C1FCA11F81D05D0094B5E6 /* Info.plist */,
			);
			path = "NextAcademy - iOS Assessment Test(Tan Wei Liang)";
			sourceTree = "<group>";
		};
		C0C1FCA91F81D05D0094B5E6 /* NextAcademy - iOS Assessment Test(Tan Wei Liang)Tests */ = {
			isa = PBXGroup;
			children = (
				C0C1FCAA1F81D05D0094B5E6 /* NextAcademy___iOS_Assessment_Test_Tan_Wei_Liang_Tests.swift */,
				C0C1FCAC1F81D05D0094B5E6 /* Info.plist */,
			);
			path = "NextAcademy - iOS Assessment Test(Tan Wei Liang)Tests";
			sourceTree = "<group>";
		};
		C0C1FCB41F81D05D0094B5E6 /* NextAcademy - iOS Assessment Test(Tan Wei Liang)UITests */ = {
			isa = PBXGroup;
			children = (
				C0C1FCB51F81D05D0094B5E6 /* NextAcademy___iOS_Assessment_Test_Tan_Wei_Liang_UITests.swift */,
				C0C1FCB71F81D05D0094B5E6 /* Info.plist */,
			);
			path = "NextAcademy - iOS Assessment Test(Tan Wei Liang)UITests";
			sourceTree = "<group>";
		};
/* End PBXGroup section */

/* Begin PBXNativeTarget section */
		C0C1FC911F81D05D0094B5E6 /* NextAcademy - iOS Assessment Test(Tan Wei Liang) */ = {
			isa = PBXNativeTarget;
			buildConfigurationList = C0C1FCBA1F81D05D0094B5E6 /* Build configuration list for PBXNativeTarget "NextAcademy - iOS Assessment Test(Tan Wei Liang)" */;
			buildPhases = (
				C0C1FC8E1F81D05D0094B5E6 /* Sources */,
				C0C1FC8F1F81D05D0094B5E6 /* Frameworks */,
				C0C1FC901F81D05D0094B5E6 /* Resources */,
			);
			buildRules = (
			);
			dependencies = (
			);
			name = "NextAcademy - iOS Assessment Test(Tan Wei Liang)";
			productName = "NextAcademy - iOS Assessment Test(Tan Wei Liang)";
			productReference = C0C1FC921F81D05D0094B5E6 /* NextAcademy - iOS Assessment Test(Tan Wei Liang).app */;
			productType = "com.apple.product-type.application";
		};
		C0C1FCA51F81D05D0094B5E6 /* NextAcademy - iOS Assessment Test(Tan Wei Liang)Tests */ = {
			isa = PBXNativeTarget;
			buildConfigurationList = C0C1FCBD1F81D05D0094B5E6 /* Build configuration list for PBXNativeTarget "NextAcademy - iOS Assessment Test(Tan Wei Liang)Tests" */;
			buildPhases = (
				C0C1FCA21F81D05D0094B5E6 /* Sources */,
				C0C1FCA31F81D05D0094B5E6 /* Frameworks */,
				C0C1FCA41F81D05D0094B5E6 /* Resources */,
			);
			buildRules = (
			);
			dependencies = (
				C0C1FCA81F81D05D0094B5E6 /* PBXTargetDependency */,
			);
			name = "NextAcademy - iOS Assessment Test(Tan Wei Liang)Tests";
			productName = "NextAcademy - iOS Assessment Test(Tan Wei Liang)Tests";
			productReference = C0C1FCA61F81D05D0094B5E6 /* NextAcademy - iOS Assessment Test(Tan Wei Liang)Tests.xctest */;
			productType = "com.apple.product-type.bundle.unit-test";
		};
		C0C1FCB01F81D05D0094B5E6 /* NextAcademy - iOS Assessment Test(Tan Wei Liang)UITests */ = {
			isa = PBXNativeTarget;
			buildConfigurationList = C0C1FCC01F81D05D0094B5E6 /* Build configuration list for PBXNativeTarget "NextAcademy - iOS Assessment Test(Tan Wei Liang)UITests" */;
			buildPhases = (
				C0C1FCAD1F81D05D0094B5E6 /* Sources */,
				C0C1FCAE1F81D05D0094B5E6 /* Frameworks */,
				C0C1FCAF1F81D05D0094B5E6 /* Resources */,
			);
			buildRules = (
			);
			dependencies = (
				C0C1FCB31F81D05D0094B5E6 /* PBXTargetDependency */,
			);
			name = "NextAcademy - iOS Assessment Test(Tan Wei Liang)UITests";
			productName = "NextAcademy - iOS Assessment Test(Tan Wei Liang)UITests";
			productReference = C0C1FCB11F81D05D0094B5E6 /* NextAcademy - iOS Assessment Test(Tan Wei Liang)UITests.xctest */;
			productType = "com.apple.product-type.bundle.ui-testing";
		};
/* End PBXNativeTarget section */

/* Begin PBXProject section */
		C0C1FC8A1F81D05D0094B5E6 /* Project object */ = {
			isa = PBXProject;
			attributes = {
				LastSwiftUpdateCheck = 0900;
				LastUpgradeCheck = 0900;
				ORGANIZATIONNAME = "Tan Wei Liang";
				TargetAttributes = {
					C0C1FC911F81D05D0094B5E6 = {
						CreatedOnToolsVersion = 9.0;
						ProvisioningStyle = Automatic;
					};
					C0C1FCA51F81D05D0094B5E6 = {
						CreatedOnToolsVersion = 9.0;
						ProvisioningStyle = Automatic;
						TestTargetID = C0C1FC911F81D05D0094B5E6;
					};
					C0C1FCB01F81D05D0094B5E6 = {
						CreatedOnToolsVersion = 9.0;
						ProvisioningStyle = Automatic;
						TestTargetID = C0C1FC911F81D05D0094B5E6;
					};
				};
			};
			buildConfigurationList = C0C1FC8D1F81D05D0094B5E6 /* Build configuration list for PBXProject "NextAcademy - iOS Assessment Test(Tan Wei Liang)" */;
			compatibilityVersion = "Xcode 8.0";
			developmentRegion = en;
			hasScannedForEncodings = 0;
			knownRegions = (
				en,
				Base,
			);
			mainGroup = C0C1FC891F81D05D0094B5E6;
			productRefGroup = C0C1FC931F81D05D0094B5E6 /* Products */;
			projectDirPath = "";
			projectRoot = "";
			targets = (
				C0C1FC911F81D05D0094B5E6 /* NextAcademy - iOS Assessment Test(Tan Wei Liang) */,
				C0C1FCA51F81D05D0094B5E6 /* NextAcademy - iOS Assessment Test(Tan Wei Liang)Tests */,
				C0C1FCB01F81D05D0094B5E6 /* NextAcademy - iOS Assessment Test(Tan Wei Liang)UITests */,
			);
		};
/* End PBXProject section */

/* Begin PBXResourcesBuildPhase section */
		C0C1FC901F81D05D0094B5E6 /* Resources */ = {
			isa = PBXResourcesBuildPhase;
			buildActionMask = 2147483647;
			files = (
				C0C1FCA01F81D05D0094B5E6 /* LaunchScreen.storyboard in Resources */,
				C0C1FC9D1F81D05D0094B5E6 /* Assets.xcassets in Resources */,
				C0C1FC9B1F81D05D0094B5E6 /* Main.storyboard in Resources */,
			);
			runOnlyForDeploymentPostprocessing = 0;
		};
		C0C1FCA41F81D05D0094B5E6 /* Resources */ = {
			isa = PBXResourcesBuildPhase;
			buildActionMask = 2147483647;
			files = (
			);
			runOnlyForDeploymentPostprocessing = 0;
		};
		C0C1FCAF1F81D05D0094B5E6 /* Resources */ = {
			isa = PBXResourcesBuildPhase;
			buildActionMask = 2147483647;
			files = (
			);
			runOnlyForDeploymentPostprocessing = 0;
		};
/* End PBXResourcesBuildPhase section */

/* Begin PBXSourcesBuildPhase section */
		C0C1FC8E1F81D05D0094B5E6 /* Sources */ = {
			isa = PBXSourcesBuildPhase;
			buildActionMask = 2147483647;
			files = (
				C0C1FC981F81D05D0094B5E6 /* ViewController.swift in Sources */,
				C0C1FC961F81D05D0094B5E6 /* AppDelegate.swift in Sources */,
			);
			runOnlyForDeploymentPostprocessing = 0;
		};
		C0C1FCA21F81D05D0094B5E6 /* Sources */ = {
			isa = PBXSourcesBuildPhase;
			buildActionMask = 2147483647;
			files = (
				C0C1FCAB1F81D05D0094B5E6 /* NextAcademy___iOS_Assessment_Test_Tan_Wei_Liang_Tests.swift in Sources */,
			);
			runOnlyForDeploymentPostprocessing = 0;
		};
		C0C1FCAD1F81D05D0094B5E6 /* Sources */ = {
			isa = PBXSourcesBuildPhase;
			buildActionMask = 2147483647;
			files = (
				C0C1FCB61F81D05D0094B5E6 /* NextAcademy___iOS_Assessment_Test_Tan_Wei_Liang_UITests.swift in Sources */,
			);
			runOnlyForDeploymentPostprocessing = 0;
		};
/* End PBXSourcesBuildPhase section */

/* Begin PBXTargetDependency section */
		C0C1FCA81F81D05D0094B5E6 /* PBXTargetDependency */ = {
			isa = PBXTargetDependency;
			target = C0C1FC911F81D05D0094B5E6 /* NextAcademy - iOS Assessment Test(Tan Wei Liang) */;
			targetProxy = C0C1FCA71F81D05D0094B5E6 /* PBXContainerItemProxy */;
		};
		C0C1FCB31F81D05D0094B5E6 /* PBXTargetDependency */ = {
			isa = PBXTargetDependency;
			target = C0C1FC911F81D05D0094B5E6 /* NextAcademy - iOS Assessment Test(Tan Wei Liang) */;
			targetProxy = C0C1FCB21F81D05D0094B5E6 /* PBXContainerItemProxy */;
		};
/* End PBXTargetDependency section */

/* Begin PBXVariantGroup section */
		C0C1FC991F81D05D0094B5E6 /* Main.storyboard */ = {
			isa = PBXVariantGroup;
			children = (
				C0C1FC9A1F81D05D0094B5E6 /* Base */,
			);
			name = Main.storyboard;
			sourceTree = "<group>";
		};
		C0C1FC9E1F81D05D0094B5E6 /* LaunchScreen.storyboard */ = {
			isa = PBXVariantGroup;
			children = (
				C0C1FC9F1F81D05D0094B5E6 /* Base */,
			);
			name = LaunchScreen.storyboard;
			sourceTree = "<group>";
		};
/* End PBXVariantGroup section */

/* Begin XCBuildConfiguration section */
		C0C1FCB81F81D05D0094B5E6 /* Debug */ = {
			isa = XCBuildConfiguration;
			buildSettings = {
				ALWAYS_SEARCH_USER_PATHS = NO;
				CLANG_ANALYZER_NONNULL = YES;
				CLANG_ANALYZER_NUMBER_OBJECT_CONVERSION = YES_AGGRESSIVE;
				CLANG_CXX_LANGUAGE_STANDARD = "gnu++14";
				CLANG_CXX_LIBRARY = "libc++";
				CLANG_ENABLE_MODULES = YES;
				CLANG_ENABLE_OBJC_ARC = YES;
				CLANG_WARN_BLOCK_CAPTURE_AUTORELEASING = YES;
				CLANG_WARN_BOOL_CONVERSION = YES;
				CLANG_WARN_COMMA = YES;
				CLANG_WARN_CONSTANT_CONVERSION = YES;
				CLANG_WARN_DIRECT_OBJC_ISA_USAGE = YES_ERROR;
				CLANG_WARN_DOCUMENTATION_COMMENTS = YES;
				CLANG_WARN_EMPTY_BODY = YES;
				CLANG_WARN_ENUM_CONVERSION = YES;
				CLANG_WARN_INFINITE_RECURSION = YES;
				CLANG_WARN_INT_CONVERSION = YES;
				CLANG_WARN_NON_LITERAL_NULL_CONVERSION = YES;
				CLANG_WARN_OBJC_LITERAL_CONVERSION = YES;
				CLANG_WARN_OBJC_ROOT_CLASS = YES_ERROR;
				CLANG_WARN_RANGE_LOOP_ANALYSIS = YES;
				CLANG_WARN_STRICT_PROTOTYPES = YES;
				CLANG_WARN_SUSPICIOUS_MOVE = YES;
				CLANG_WARN_UNGUARDED_AVAILABILITY = YES_AGGRESSIVE;
				CLANG_WARN_UNREACHABLE_CODE = YES;
				CLANG_WARN__DUPLICATE_METHOD_MATCH = YES;
				CODE_SIGN_IDENTITY = "iPhone Developer";
				COPY_PHASE_STRIP = NO;
				DEBUG_INFORMATION_FORMAT = dwarf;
				ENABLE_STRICT_OBJC_MSGSEND = YES;
				ENABLE_TESTABILITY = YES;
				GCC_C_LANGUAGE_STANDARD = gnu11;
				GCC_DYNAMIC_NO_PIC = NO;
				GCC_NO_COMMON_BLOCKS = YES;
				GCC_OPTIMIZATION_LEVEL = 0;
				GCC_PREPROCESSOR_DEFINITIONS = (
					"DEBUG=1",
					"$(inherited)",
				);
				GCC_WARN_64_TO_32_BIT_CONVERSION = YES;
				GCC_WARN_ABOUT_RETURN_TYPE = YES_ERROR;
				GCC_WARN_UNDECLARED_SELECTOR = YES;
				GCC_WARN_UNINITIALIZED_AUTOS = YES_AGGRESSIVE;
				GCC_WARN_UNUSED_FUNCTION = YES;
				GCC_WARN_UNUSED_VARIABLE = YES;
				IPHONEOS_DEPLOYMENT_TARGET = 11.0;
				MTL_ENABLE_DEBUG_INFO = YES;
				ONLY_ACTIVE_ARCH = YES;
				SDKROOT = iphoneos;
				SWIFT_ACTIVE_COMPILATION_CONDITIONS = DEBUG;
				SWIFT_OPTIMIZATION_LEVEL = "-Onone";
			};
			name = Debug;
		};
		C0C1FCB91F81D05D0094B5E6 /* Release */ = {
			isa = XCBuildConfiguration;
			buildSettings = {
				ALWAYS_SEARCH_USER_PATHS = NO;
				CLANG_ANALYZER_NONNULL = YES;
				CLANG_ANALYZER_NUMBER_OBJECT_CONVERSION = YES_AGGRESSIVE;
				CLANG_CXX_LANGUAGE_STANDARD = "gnu++14";
				CLANG_CXX_LIBRARY = "libc++";
				CLANG_ENABLE_MODULES = YES;
				CLANG_ENABLE_OBJC_ARC = YES;
				CLANG_WARN_BLOCK_CAPTURE_AUTORELEASING = YES;
				CLANG_WARN_BOOL_CONVERSION = YES;
				CLANG_WARN_COMMA = YES;
				CLANG_WARN_CONSTANT_CONVERSION = YES;
				CLANG_WARN_DIRECT_OBJC_ISA_USAGE = YES_ERROR;
				CLANG_WARN_DOCUMENTATION_COMMENTS = YES;
				CLANG_WARN_EMPTY_BODY = YES;
				CLANG_WARN_ENUM_CONVERSION = YES;
				CLANG_WARN_INFINITE_RECURSION = YES;
				CLANG_WARN_INT_CONVERSION = YES;
				CLANG_WARN_NON_LITERAL_NULL_CONVERSION = YES;
				CLANG_WARN_OBJC_LITERAL_CONVERSION = YES;
				CLANG_WARN_OBJC_ROOT_CLASS = YES_ERROR;
				CLANG_WARN_RANGE_LOOP_ANALYSIS = YES;
				CLANG_WARN_STRICT_PROTOTYPES = YES;
				CLANG_WARN_SUSPICIOUS_MOVE = YES;
				CLANG_WARN_UNGUARDED_AVAILABILITY = YES_AGGRESSIVE;
				CLANG_WARN_UNREACHABLE_CODE = YES;
				CLANG_WARN__DUPLICATE_METHOD_MATCH = YES;
				CODE_SIGN_IDENTITY = "iPhone Developer";
				COPY_PHASE_STRIP = NO;
				DEBUG_INFORMATION_FORMAT = "dwarf-with-dsym";
				ENABLE_NS_ASSERTIONS = NO;
				ENABLE_STRICT_OBJC_MSGSEND = YES;
				GCC_C_LANGUAGE_STANDARD = gnu11;
				GCC_NO_COMMON_BLOCKS = YES;
				GCC_WARN_64_TO_32_BIT_CONVERSION = YES;
				GCC_WARN_ABOUT_RETURN_TYPE = YES_ERROR;
				GCC_WARN_UNDECLARED_SELECTOR = YES;
				GCC_WARN_UNINITIALIZED_AUTOS = YES_AGGRESSIVE;
				GCC_WARN_UNUSED_FUNCTION = YES;
				GCC_WARN_UNUSED_VARIABLE = YES;
				IPHONEOS_DEPLOYMENT_TARGET = 11.0;
				MTL_ENABLE_DEBUG_INFO = NO;
				SDKROOT = iphoneos;
				SWIFT_OPTIMIZATION_LEVEL = "-Owholemodule";
				VALIDATE_PRODUCT = YES;
			};
			name = Release;
		};
		C0C1FCBB1F81D05D0094B5E6 /* Debug */ = {
			isa = XCBuildConfiguration;
			buildSettings = {
				ASSETCATALOG_COMPILER_APPICON_NAME = AppIcon;
				CODE_SIGN_STYLE = Automatic;
				INFOPLIST_FILE = "NextAcademy - iOS Assessment Test(Tan Wei Liang)/Info.plist";
				LD_RUNPATH_SEARCH_PATHS = "$(inherited) @executable_path/Frameworks";
				PRODUCT_BUNDLE_IDENTIFIER = "Tan-Wei-Liang.NextAcademy---iOS-Assessment-Test-Tan-Wei-Liang-";
				PRODUCT_NAME = "$(TARGET_NAME)";
				SWIFT_VERSION = 4.0;
				TARGETED_DEVICE_FAMILY = "1,2";
			};
			name = Debug;
		};
		C0C1FCBC1F81D05D0094B5E6 /* Release */ = {
			isa = XCBuildConfiguration;
			buildSettings = {
				ASSETCATALOG_COMPILER_APPICON_NAME = AppIcon;
				CODE_SIGN_STYLE = Automatic;
				INFOPLIST_FILE = "NextAcademy - iOS Assessment Test(Tan Wei Liang)/Info.plist";
				LD_RUNPATH_SEARCH_PATHS = "$(inherited) @executable_path/Frameworks";
				PRODUCT_BUNDLE_IDENTIFIER = "Tan-Wei-Liang.NextAcademy---iOS-Assessment-Test-Tan-Wei-Liang-";
				PRODUCT_NAME = "$(TARGET_NAME)";
				SWIFT_VERSION = 4.0;
				TARGETED_DEVICE_FAMILY = "1,2";
			};
			name = Release;
		};
		C0C1FCBE1F81D05D0094B5E6 /* Debug */ = {
			isa = XCBuildConfiguration;
			buildSettings = {
				ALWAYS_EMBED_SWIFT_STANDARD_LIBRARIES = YES;
				BUNDLE_LOADER = "$(TEST_HOST)";
				CODE_SIGN_STYLE = Automatic;
				INFOPLIST_FILE = "NextAcademy - iOS Assessment Test(Tan Wei Liang)Tests/Info.plist";
				LD_RUNPATH_SEARCH_PATHS = "$(inherited) @executable_path/Frameworks @loader_path/Frameworks";
				PRODUCT_BUNDLE_IDENTIFIER = "Tan-Wei-Liang.NextAcademy---iOS-Assessment-Test-Tan-Wei-Liang-Tests";
				PRODUCT_NAME = "$(TARGET_NAME)";
				SWIFT_VERSION = 4.0;
				TARGETED_DEVICE_FAMILY = "1,2";
				TEST_HOST = "$(BUILT_PRODUCTS_DIR)/NextAcademy - iOS Assessment Test(Tan Wei Liang).app/NextAcademy - iOS Assessment Test(Tan Wei Liang)";
			};
			name = Debug;
		};
		C0C1FCBF1F81D05D0094B5E6 /* Release */ = {
			isa = XCBuildConfiguration;
			buildSettings = {
				ALWAYS_EMBED_SWIFT_STANDARD_LIBRARIES = YES;
				BUNDLE_LOADER = "$(TEST_HOST)";
				CODE_SIGN_STYLE = Automatic;
				INFOPLIST_FILE = "NextAcademy - iOS Assessment Test(Tan Wei Liang)Tests/Info.plist";
				LD_RUNPATH_SEARCH_PATHS = "$(inherited) @executable_path/Frameworks @loader_path/Frameworks";
				PRODUCT_BUNDLE_IDENTIFIER = "Tan-Wei-Liang.NextAcademy---iOS-Assessment-Test-Tan-Wei-Liang-Tests";
				PRODUCT_NAME = "$(TARGET_NAME)";
				SWIFT_VERSION = 4.0;
				TARGETED_DEVICE_FAMILY = "1,2";
				TEST_HOST = "$(BUILT_PRODUCTS_DIR)/NextAcademy - iOS Assessment Test(Tan Wei Liang).app/NextAcademy - iOS Assessment Test(Tan Wei Liang)";
			};
			name = Release;
		};
		C0C1FCC11F81D05D0094B5E6 /* Debug */ = {
			isa = XCBuildConfiguration;
			buildSettings = {
				ALWAYS_EMBED_SWIFT_STANDARD_LIBRARIES = YES;
				CODE_SIGN_STYLE = Automatic;
				INFOPLIST_FILE = "NextAcademy - iOS Assessment Test(Tan Wei Liang)UITests/Info.plist";
				LD_RUNPATH_SEARCH_PATHS = "$(inherited) @executable_path/Frameworks @loader_path/Frameworks";
				PRODUCT_BUNDLE_IDENTIFIER = "Tan-Wei-Liang.NextAcademy---iOS-Assessment-Test-Tan-Wei-Liang-UITests";
				PRODUCT_NAME = "$(TARGET_NAME)";
				SWIFT_VERSION = 4.0;
				TARGETED_DEVICE_FAMILY = "1,2";
				TEST_TARGET_NAME = "NextAcademy - iOS Assessment Test(Tan Wei Liang)";
			};
			name = Debug;
		};
		C0C1FCC21F81D05D0094B5E6 /* Release */ = {
			isa = XCBuildConfiguration;
			buildSettings = {
				ALWAYS_EMBED_SWIFT_STANDARD_LIBRARIES = YES;
				CODE_SIGN_STYLE = Automatic;
				INFOPLIST_FILE = "NextAcademy - iOS Assessment Test(Tan Wei Liang)UITests/Info.plist";
				LD_RUNPATH_SEARCH_PATHS = "$(inherited) @executable_path/Frameworks @loader_path/Frameworks";
				PRODUCT_BUNDLE_IDENTIFIER = "Tan-Wei-Liang.NextAcademy---iOS-Assessment-Test-Tan-Wei-Liang-UITests";
				PRODUCT_NAME = "$(TARGET_NAME)";
				SWIFT_VERSION = 4.0;
				TARGETED_DEVICE_FAMILY = "1,2";
				TEST_TARGET_NAME = "NextAcademy - iOS Assessment Test(Tan Wei Liang)";
			};
			name = Release;
		};
/* End XCBuildConfiguration section */

/* Begin XCConfigurationList section */
		C0C1FC8D1F81D05D0094B5E6 /* Build configuration list for PBXProject "NextAcademy - iOS Assessment Test(Tan Wei Liang)" */ = {
			isa = XCConfigurationList;
			buildConfigurations = (
				C0C1FCB81F81D05D0094B5E6 /* Debug */,
				C0C1FCB91F81D05D0094B5E6 /* Release */,
			);
			defaultConfigurationIsVisible = 0;
			defaultConfigurationName = Release;
		};
		C0C1FCBA1F81D05D0094B5E6 /* Build configuration list for PBXNativeTarget "NextAcademy - iOS Assessment Test(Tan Wei Liang)" */ = {
			isa = XCConfigurationList;
			buildConfigurations = (
				C0C1FCBB1F81D05D0094B5E6 /* Debug */,
				C0C1FCBC1F81D05D0094B5E6 /* Release */,
			);
			defaultConfigurationIsVisible = 0;
			defaultConfigurationName = Release;
		};
		C0C1FCBD1F81D05D0094B5E6 /* Build configuration list for PBXNativeTarget "NextAcademy - iOS Assessment Test(Tan Wei Liang)Tests" */ = {
			isa = XCConfigurationList;
			buildConfigurations = (
				C0C1FCBE1F81D05D0094B5E6 /* Debug */,
				C0C1FCBF1F81D05D0094B5E6 /* Release */,
			);
			defaultConfigurationIsVisible = 0;
			defaultConfigurationName = Release;
		};
		C0C1FCC01F81D05D0094B5E6 /* Build configuration list for PBXNativeTarget "NextAcademy - iOS Assessment Test(Tan Wei Liang)UITests" */ = {
			isa = XCConfigurationList;
			buildConfigurations = (
				C0C1FCC11F81D05D0094B5E6 /* Debug */,
				C0C1FCC21F81D05D0094B5E6 /* Release */,
			);
			defaultConfigurationIsVisible = 0;
			defaultConfigurationName = Release;
		};
/* End XCConfigurationList section */
	};
	rootObject = C0C1FC8A1F81D05D0094B5E6 /* Project object */;
}
